
Microsoft Visual Studio Solution File, Format Version 12.00
# Visual Studio Version 17
VisualStudioVersion = 17.7.34221.43
MinimumVisualStudioVersion = 10.0.40219.1
Project("{FAE04EC0-301F-11D3-BF4B-00C04F79EFBC}") = "DBDBuildMeta", "DBDefsListGenerator\DBDBuildMeta.csproj", "{8EA05E51-190C-4694-949D-B17F50C105AE}"
EndProject
Project("{9A19103F-16F7-4668-BE54-9A1E7A4F7556}") = "DBDefsLib", "DBDefsLib\DBDefsLib.csproj", "{C6C929F4-AF8D-4943-9F7A-467AA5BBC8C1}"
EndProject
Global
	GlobalSection(SolutionConfigurationPlatforms) = preSolution
		Debug|Any CPU = Debug|Any CPU
		Release|Any CPU = Release|Any CPU
	EndGlobalSection
	GlobalSection(ProjectConfigurationPlatforms) = postSolution
		{8EA05E51-190C-4694-949D-B17F50C105AE}.Debug|Any CPU.ActiveCfg = Debug|Any CPU
		{8EA05E51-190C-4694-949D-B17F50C105AE}.Debug|Any CPU.Build.0 = Debug|Any CPU
		{8EA05E51-190C-4694-949D-B17F50C105AE}.Release|Any CPU.ActiveCfg = Release|Any CPU
		{8EA05E51-190C-4694-949D-B17F50C105AE}.Release|Any CPU.Build.0 = Release|Any CPU
		{C6C929F4-AF8D-4943-9F7A-467AA5BBC8C1}.Debug|Any CPU.ActiveCfg = Debug|Any CPU
		{C6C929F4-AF8D-4943-9F7A-467AA5BBC8C1}.Debug|Any CPU.Build.0 = Debug|Any CPU
		{C6C929F4-AF8D-4943-9F7A-467AA5BBC8C1}.Release|Any CPU.ActiveCfg = Release|Any CPU
		{C6C929F4-AF8D-4943-9F7A-467AA5BBC8C1}.Release|Any CPU.Build.0 = Release|Any CPU
	EndGlobalSection
	GlobalSection(SolutionProperties) = preSolution
		HideSolutionNode = FALSE
	EndGlobalSection
	GlobalSection(ExtensibilityGlobals) = postSolution
		SolutionGuid = {B2FC5E0B-2F31-4291-8DEB-8D17669A664B}
	EndGlobalSection
EndGlobal
